
Microsoft Visual Studio Solution File, Format Version 12.00
# Visual Studio Version 17
VisualStudioVersion = 17.2.32505.173
MinimumVisualStudioVersion = 10.0.40219.1
Project("{FAE04EC0-301F-11D3-BF4B-00C04F79EFBC}") = "CV19", "CV19\CV19.csproj", "{DA44F52F-D3B9-474F-BCDC-7AF4AEAA948D}"
EndProject
Project("{2150E333-8FDC-42A3-9474-1A3956D46DE8}") = "Test", "Test", "{646E73D2-A29E-4DB4-8E62-F325302C03B4}"
EndProject
Project("{FAE04EC0-301F-11D3-BF4B-00C04F79EFBC}") = "CV19Console", "CV19Console\CV19Console.csproj", "{B7626A17-9D86-4BC4-A566-A782098AEA3E}"
EndProject
Project("{FAE04EC0-301F-11D3-BF4B-00C04F79EFBC}") = "CV19WPFTest", "Test\CV19WPFTest\CV19WPFTest.csproj", "{C802B3B5-CA7F-45D1-8EB9-5AAF307DCE2B}"
EndProject
Global
	GlobalSection(SolutionConfigurationPlatforms) = preSolution
		Debug|Any CPU = Debug|Any CPU
		Release|Any CPU = Release|Any CPU
	EndGlobalSection
	GlobalSection(ProjectConfigurationPlatforms) = postSolution
		{DA44F52F-D3B9-474F-BCDC-7AF4AEAA948D}.Debug|Any CPU.ActiveCfg = Debug|Any CPU
		{DA44F52F-D3B9-474F-BCDC-7AF4AEAA948D}.Debug|Any CPU.Build.0 = Debug|Any CPU
		{DA44F52F-D3B9-474F-BCDC-7AF4AEAA948D}.Release|Any CPU.ActiveCfg = Release|Any CPU
		{DA44F52F-D3B9-474F-BCDC-7AF4AEAA948D}.Release|Any CPU.Build.0 = Release|Any CPU
		{B7626A17-9D86-4BC4-A566-A782098AEA3E}.Debug|Any CPU.ActiveCfg = Debug|Any CPU
		{B7626A17-9D86-4BC4-A566-A782098AEA3E}.Debug|Any CPU.Build.0 = Debug|Any CPU
		{B7626A17-9D86-4BC4-A566-A782098AEA3E}.Release|Any CPU.ActiveCfg = Release|Any CPU
		{B7626A17-9D86-4BC4-A566-A782098AEA3E}.Release|Any CPU.Build.0 = Release|Any CPU
		{C802B3B5-CA7F-45D1-8EB9-5AAF307DCE2B}.Debug|Any CPU.ActiveCfg = Debug|Any CPU
		{C802B3B5-CA7F-45D1-8EB9-5AAF307DCE2B}.Debug|Any CPU.Build.0 = Debug|Any CPU
		{C802B3B5-CA7F-45D1-8EB9-5AAF307DCE2B}.Release|Any CPU.ActiveCfg = Release|Any CPU
		{C802B3B5-CA7F-45D1-8EB9-5AAF307DCE2B}.Release|Any CPU.Build.0 = Release|Any CPU
	EndGlobalSection
	GlobalSection(SolutionProperties) = preSolution
		HideSolutionNode = FALSE
	EndGlobalSection
	GlobalSection(NestedProjects) = preSolution
		{B7626A17-9D86-4BC4-A566-A782098AEA3E} = {646E73D2-A29E-4DB4-8E62-F325302C03B4}
		{C802B3B5-CA7F-45D1-8EB9-5AAF307DCE2B} = {646E73D2-A29E-4DB4-8E62-F325302C03B4}
	EndGlobalSection
	GlobalSection(ExtensibilityGlobals) = postSolution
		SolutionGuid = {962A57D3-2A6A-4285-B7AA-F669573572B4}
	EndGlobalSection
EndGlobal
